
Microsoft Visual Studio Solution File, Format Version 12.00
# Visual Studio Version 16
VisualStudioVersion = 16.0.30907.101
MinimumVisualStudioVersion = 10.0.40219.1
Project("{FAE04EC0-301F-11D3-BF4B-00C04F79EFBC}") = "JukaiNoKiokuScriptConvert", "JukaiNoKiokuScriptConvert.csproj", "{3775D7BC-5544-4116-A8E4-1BA9D8AF2038}"
EndProject
Global
	GlobalSection(SolutionConfigurationPlatforms) = preSolution
		Debug|Any CPU = Debug|Any CPU
		Release|Any CPU = Release|Any CPU
	EndGlobalSection
	GlobalSection(ProjectConfigurationPlatforms) = postSolution
		{3775D7BC-5544-4116-A8E4-1BA9D8AF2038}.Debug|Any CPU.ActiveCfg = Debug|Any CPU
		{3775D7BC-5544-4116-A8E4-1BA9D8AF2038}.Debug|Any CPU.Build.0 = Debug|Any CPU
		{3775D7BC-5544-4116-A8E4-1BA9D8AF2038}.Release|Any CPU.ActiveCfg = Release|Any CPU
		{3775D7BC-5544-4116-A8E4-1BA9D8AF2038}.Release|Any CPU.Build.0 = Release|Any CPU
	EndGlobalSection
	GlobalSection(SolutionProperties) = preSolution
		HideSolutionNode = FALSE
	EndGlobalSection
	GlobalSection(ExtensibilityGlobals) = postSolution
		SolutionGuid = {4EC442D3-6EA0-4CC6-9C45-D746AEA9225F}
	EndGlobalSection
EndGlobal
